{
    "_readme": [
        "This file locks the dependencies of your project to a known state",
        "Read more about it at https://getcomposer.org/doc/01-basic-usage.md#installing-dependencies",
        "This file is @generated automatically"
    ],
    "content-hash": "ce3c208edb5947a52b307cf60589f3a4",
    "packages": [
        {
            "name": "automattic/jetpack-autoloader",
            "version": "2.10.1",
            "source": {
                "type": "git",
                "url": "https://github.com/Automattic/jetpack-autoloader.git",
                "reference": "20393c4677765c3e737dcb5aee7a3f7b90dce4b3"
            },
            "dist": {
                "type": "zip",
                "url": "https://api.github.com/repos/Automattic/jetpack-autoloader/zipball/20393c4677765c3e737dcb5aee7a3f7b90dce4b3",
                "reference": "20393c4677765c3e737dcb5aee7a3f7b90dce4b3",
                "shasum": ""
            },
            "require": {
                "composer-plugin-api": "^1.1 || ^2.0"
            },
            "require-dev": {
                "automattic/jetpack-changelogger": "^1.1",
                "yoast/phpunit-polyfills": "0.2.0"
            },
            "type": "composer-plugin",
            "extra": {
                "class": "Automattic\\Jetpack\\Autoloader\\CustomAutoloaderPlugin",
                "mirror-repo": "Automattic/jetpack-autoloader",
                "changelogger": {
                    "link-template": "https://github.com/Automattic/jetpack-autoloader/compare/v${old}...v${new}"
                },
                "branch-alias": {
                    "dev-master": "2.10.x-dev"
                }
            },
            "autoload": {
                "classmap": [
                    "src/AutoloadGenerator.php"
                ],
                "psr-4": {
                    "Automattic\\Jetpack\\Autoloader\\": "src"
                }
            },
            "notification-url": "https://packagist.org/downloads/",
            "license": [
                "GPL-2.0-or-later"
            ],
            "description": "Creates a custom autoloader for a plugin or theme.",
            "time": "2021-03-30T15:15:59+00:00"
        },
        {
            "name": "automattic/jetpack-constants",
            "version": "v1.5.1",
            "source": {
                "type": "git",
                "url": "https://github.com/Automattic/jetpack-constants.git",
                "reference": "18f772daddc8be5df76c9f4a92e017a3c2569a5b"
            },
            "dist": {
                "type": "zip",
                "url": "https://api.github.com/repos/Automattic/jetpack-constants/zipball/18f772daddc8be5df76c9f4a92e017a3c2569a5b",
                "reference": "18f772daddc8be5df76c9f4a92e017a3c2569a5b",
                "shasum": ""
            },
            "require-dev": {
                "php-mock/php-mock": "^2.1",
                "phpunit/phpunit": "^5.7 || ^6.5 || ^7.5"
            },
            "type": "library",
            "autoload": {
                "classmap": [
                    "src/"
                ]
            },
            "notification-url": "https://packagist.org/downloads/",
            "license": [
                "GPL-2.0-or-later"
            ],
            "description": "A wrapper for defining constants in a more testable way.",
            "time": "2020-10-28T19:00:31+00:00"
        },
        {
            "name": "composer/installers",
            "version": "v1.11.0",
            "source": {
                "type": "git",
                "url": "https://github.com/composer/installers.git",
                "reference": "ae03311f45dfe194412081526be2e003960df74b"
            },
            "dist": {
                "type": "zip",
                "url": "https://api.github.com/repos/composer/installers/zipball/ae03311f45dfe194412081526be2e003960df74b",
                "reference": "ae03311f45dfe194412081526be2e003960df74b",
                "shasum": ""
            },
            "require": {
                "composer-plugin-api": "^1.0 || ^2.0"
            },
            "replace": {
                "roundcube/plugin-installer": "*",
                "shama/baton": "*"
            },
            "require-dev": {
                "composer/composer": "1.6.* || ^2.0",
                "composer/semver": "^1 || ^3",
                "phpstan/phpstan": "^0.12.55",
                "phpstan/phpstan-phpunit": "^0.12.16",
                "symfony/phpunit-bridge": "^4.2 || ^5",
                "symfony/process": "^2.3"
            },
            "type": "composer-plugin",
            "extra": {
                "class": "Composer\\Installers\\Plugin",
                "branch-alias": {
                    "dev-main": "1.x-dev"
                }
            },
            "autoload": {
                "psr-4": {
                    "Composer\\Installers\\": "src/Composer/Installers"
                }
            },
            "notification-url": "https://packagist.org/downloads/",
            "license": [
                "MIT"
            ],
            "authors": [
                {
                    "name": "Kyle Robinson Young",
                    "email": "kyle@dontkry.com",
                    "homepage": "https://github.com/shama"
                }
            ],
            "description": "A multi-framework Composer library installer",
            "homepage": "https://composer.github.io/installers/",
            "keywords": [
                "Craft",
                "Dolibarr",
                "Eliasis",
                "Hurad",
                "ImageCMS",
                "Kanboard",
                "Lan Management System",
                "MODX Evo",
                "MantisBT",
                "Mautic",
                "Maya",
                "OXID",
                "Plentymarkets",
                "Porto",
                "RadPHP",
                "SMF",
                "Starbug",
                "Thelia",
                "Whmcs",
                "WolfCMS",
                "agl",
                "aimeos",
                "annotatecms",
                "attogram",
                "bitrix",
                "cakephp",
                "chef",
                "cockpit",
                "codeigniter",
                "concrete5",
                "croogo",
                "dokuwiki",
                "drupal",
                "eZ Platform",
                "elgg",
                "expressionengine",
                "fuelphp",
                "grav",
                "installer",
                "itop",
                "joomla",
                "known",
                "kohana",
                "laravel",
                "lavalite",
                "lithium",
                "magento",
                "majima",
                "mako",
                "mediawiki",
                "miaoxing",
                "modulework",
                "modx",
                "moodle",
                "osclass",
                "phpbb",
                "piwik",
                "ppi",
                "processwire",
                "puppet",
                "pxcms",
                "reindex",
                "roundcube",
                "shopware",
                "silverstripe",
                "sydes",
                "sylius",
                "symfony",
                "tastyigniter",
                "typo3",
                "wordpress",
                "yawik",
                "zend",
                "zikula"
            ],
            "funding": [
                {
                    "url": "https://packagist.com",
                    "type": "custom"
                },
                {
                    "url": "https://github.com/composer",
                    "type": "github"
                },
                {
                    "url": "https://tidelift.com/funding/github/packagist/composer/composer",
                    "type": "tidelift"
                }
            ],
            "time": "2021-04-28T06:42:17+00:00"
        },
        {
            "name": "johnpbloch/wordpress",
            "version": "5.7.2",
            "source": {
                "type": "git",
                "url": "https://github.com/johnpbloch/wordpress.git",
                "reference": "be44aeabc63a584a4b1ef4a193f36c3f710a162a"
            },
            "dist": {
                "type": "zip",
                "url": "https://api.github.com/repos/johnpbloch/wordpress/zipball/be44aeabc63a584a4b1ef4a193f36c3f710a162a",
                "reference": "be44aeabc63a584a4b1ef4a193f36c3f710a162a",
                "shasum": ""
            },
            "require": {
                "johnpbloch/wordpress-core": "5.7.2",
                "johnpbloch/wordpress-core-installer": "^1.0 || ^2.0",
                "php": ">=5.6.20"
            },
            "type": "package",
            "notification-url": "https://packagist.org/downloads/",
            "license": [
                "GPL-2.0+"
            ],
            "authors": [
                {
                    "name": "WordPress Community",
                    "homepage": "http://wordpress.org/about/"
                }
            ],
            "description": "WordPress is open source software you can use to create a beautiful website, blog, or app.",
            "homepage": "http://wordpress.org/",
            "keywords": [
                "blog",
                "cms",
                "wordpress"
            ],
            "time": "2021-05-13T00:40:29+00:00"
        },
        {
            "name": "johnpbloch/wordpress-core",
            "version": "5.7.2",
            "source": {
                "type": "git",
                "url": "https://github.com/johnpbloch/wordpress-core.git",
                "reference": "d0f5bdeb81800b6bcefee723ebf928b5677e2e86"
            },
            "dist": {
                "type": "zip",
                "url": "https://api.github.com/repos/johnpbloch/wordpress-core/zipball/d0f5bdeb81800b6bcefee723ebf928b5677e2e86",
                "reference": "d0f5bdeb81800b6bcefee723ebf928b5677e2e86",
                "shasum": ""
            },
            "require": {
                "ext-json": "*",
                "php": ">=5.6.20"
            },
            "provide": {
                "wordpress/core-implementation": "5.7.2"
            },
            "type": "wordpress-core",
            "notification-url": "https://packagist.org/downloads/",
            "license": [
                "GPL-2.0-or-later"
            ],
            "authors": [
                {
                    "name": "WordPress Community",
                    "homepage": "https://wordpress.org/about/"
                }
            ],
            "description": "WordPress is open source software you can use to create a beautiful website, blog, or app.",
            "homepage": "https://wordpress.org/",
            "keywords": [
                "blog",
                "cms",
                "wordpress"
            ],
            "time": "2021-05-13T00:40:25+00:00"
        },
        {
            "name": "johnpbloch/wordpress-core-installer",
            "version": "2.0.0",
            "source": {
                "type": "git",
                "url": "https://github.com/johnpbloch/wordpress-core-installer.git",
                "reference": "237faae9a60a4a2e1d45dce1a5836ffa616de63e"
            },
            "dist": {
                "type": "zip",
                "url": "https://api.github.com/repos/johnpbloch/wordpress-core-installer/zipball/237faae9a60a4a2e1d45dce1a5836ffa616de63e",
                "reference": "237faae9a60a4a2e1d45dce1a5836ffa616de63e",
                "shasum": ""
            },
            "require": {
                "composer-plugin-api": "^1.0 || ^2.0",
                "php": ">=5.6.0"
            },
            "conflict": {
                "composer/installers": "<1.0.6"
            },
            "require-dev": {
                "composer/composer": "^1.0 || ^2.0",
                "phpunit/phpunit": ">=5.7.27"
            },
            "type": "composer-plugin",
            "extra": {
                "class": "johnpbloch\\Composer\\WordPressCorePlugin"
            },
            "autoload": {
                "psr-0": {
                    "johnpbloch\\Composer\\": "src/"
                }
            },
            "notification-url": "https://packagist.org/downloads/",
            "license": [
                "GPL-2.0-or-later"
            ],
            "authors": [
                {
                    "name": "John P. Bloch",
                    "email": "me@johnpbloch.com"
                }
            ],
            "description": "A custom installer to handle deploying WordPress with composer",
            "keywords": [
                "wordpress"
            ],
            "time": "2020-04-16T21:44:57+00:00"
        },
        {
            "name": "maxmind-db/reader",
            "version": "v1.6.0",
            "source": {
                "type": "git",
                "url": "https://github.com/maxmind/MaxMind-DB-Reader-php.git",
                "reference": "febd4920bf17c1da84cef58e56a8227dfb37fbe4"
            },
            "dist": {
                "type": "zip",
                "url": "https://api.github.com/repos/maxmind/MaxMind-DB-Reader-php/zipball/febd4920bf17c1da84cef58e56a8227dfb37fbe4",
                "reference": "febd4920bf17c1da84cef58e56a8227dfb37fbe4",
                "shasum": ""
            },
            "require": {
                "php": ">=5.6"
            },
            "conflict": {
                "ext-maxminddb": "<1.6.0,>=2.0.0"
            },
            "require-dev": {
                "friendsofphp/php-cs-fixer": "2.*",
                "php-coveralls/php-coveralls": "^2.1",
                "phpunit/phpcov": "^3.0",
                "phpunit/phpunit": "5.*",
                "squizlabs/php_codesniffer": "3.*"
            },
            "suggest": {
                "ext-bcmath": "bcmath or gmp is required for decoding larger integers with the pure PHP decoder",
                "ext-gmp": "bcmath or gmp is required for decoding larger integers with the pure PHP decoder",
                "ext-maxminddb": "A C-based database decoder that provides significantly faster lookups"
            },
            "type": "library",
            "autoload": {
                "psr-4": {
                    "MaxMind\\Db\\": "src/MaxMind/Db"
                }
            },
            "notification-url": "https://packagist.org/downloads/",
            "license": [
                "Apache-2.0"
            ],
            "authors": [
                {
                    "name": "Gregory J. Oschwald",
                    "email": "goschwald@maxmind.com",
                    "homepage": "https://www.maxmind.com/"
                }
            ],
            "description": "MaxMind DB Reader API",
            "homepage": "https://github.com/maxmind/MaxMind-DB-Reader-php",
            "keywords": [
                "database",
                "geoip",
                "geoip2",
                "geolocation",
                "maxmind"
            ],
            "time": "2019-12-19T22:59:03+00:00"
        },
        {
            "name": "pelago/emogrifier",
            "version": "v3.1.0",
            "source": {
                "type": "git",
                "url": "https://github.com/MyIntervals/emogrifier.git",
                "reference": "f6a5c7d44612d86c3901c93f1592f5440e6b2cd8"
            },
            "dist": {
                "type": "zip",
                "url": "https://api.github.com/repos/MyIntervals/emogrifier/zipball/f6a5c7d44612d86c3901c93f1592f5440e6b2cd8",
                "reference": "f6a5c7d44612d86c3901c93f1592f5440e6b2cd8",
                "shasum": ""
            },
            "require": {
                "ext-dom": "*",
                "ext-libxml": "*",
                "php": "^5.6 || ~7.0 || ~7.1 || ~7.2 || ~7.3 || ~7.4",
                "symfony/css-selector": "^2.8 || ^3.0 || ^4.0 || ^5.0"
            },
            "require-dev": {
                "friendsofphp/php-cs-fixer": "^2.15.3",
                "phpmd/phpmd": "^2.7.0",
                "phpunit/phpunit": "^5.7.27",
                "squizlabs/php_codesniffer": "^3.5.0"
            },
            "type": "library",
            "extra": {
                "branch-alias": {
                    "dev-master": "4.0.x-dev"
                }
            },
            "autoload": {
                "psr-4": {
                    "Pelago\\": "src/"
                }
            },
            "notification-url": "https://packagist.org/downloads/",
            "license": [
                "MIT"
            ],
            "authors": [
                {
                    "name": "Oliver Klee",
                    "email": "github@oliverklee.de"
                },
                {
                    "name": "Zoli Szabó",
                    "email": "zoli.szabo+github@gmail.com"
                },
                {
                    "name": "John Reeve",
                    "email": "jreeve@pelagodesign.com"
                },
                {
                    "name": "Jake Hotson",
                    "email": "jake@qzdesign.co.uk"
                },
                {
                    "name": "Cameron Brooks"
                },
                {
                    "name": "Jaime Prado"
                }
            ],
            "description": "Converts CSS styles into inline style attributes in your HTML code",
            "homepage": "https://www.myintervals.com/emogrifier.php",
            "keywords": [
                "css",
                "email",
                "pre-processing"
            ],
            "time": "2019-12-26T19:37:31+00:00"
        },
        {
            "name": "psr/container",
            "version": "1.0.0",
            "source": {
                "type": "git",
                "url": "https://github.com/php-fig/container.git",
                "reference": "b7ce3b176482dbbc1245ebf52b181af44c2cf55f"
            },
            "dist": {
                "type": "zip",
                "url": "https://api.github.com/repos/php-fig/container/zipball/b7ce3b176482dbbc1245ebf52b181af44c2cf55f",
                "reference": "b7ce3b176482dbbc1245ebf52b181af44c2cf55f",
                "shasum": ""
            },
            "require": {
                "php": ">=5.3.0"
            },
            "type": "library",
            "extra": {
                "branch-alias": {
                    "dev-master": "1.0.x-dev"
                }
            },
            "autoload": {
                "psr-4": {
                    "Psr\\Container\\": "src/"
                }
            },
            "notification-url": "https://packagist.org/downloads/",
            "license": [
                "MIT"
            ],
            "authors": [
                {
                    "name": "PHP-FIG",
                    "homepage": "http://www.php-fig.org/"
                }
            ],
            "description": "Common Container Interface (PHP FIG PSR-11)",
            "homepage": "https://github.com/php-fig/container",
            "keywords": [
                "PSR-11",
                "container",
                "container-interface",
                "container-interop",
                "psr"
            ],
            "time": "2017-02-14T16:28:37+00:00"
        },
        {
            "name": "symfony/css-selector",
            "version": "v5.2.9",
            "source": {
                "type": "git",
                "url": "https://github.com/symfony/css-selector.git",
                "reference": "5d5f97809015102116208b976eb2edb44b689560"
            },
            "dist": {
                "type": "zip",
                "url": "https://api.github.com/repos/symfony/css-selector/zipball/5d5f97809015102116208b976eb2edb44b689560",
                "reference": "5d5f97809015102116208b976eb2edb44b689560",
                "shasum": ""
            },
            "require": {
                "php": ">=7.2.5"
            },
            "type": "library",
            "autoload": {
                "psr-4": {
                    "Symfony\\Component\\CssSelector\\": ""
                },
                "exclude-from-classmap": [
                    "/Tests/"
                ]
            },
            "notification-url": "https://packagist.org/downloads/",
            "license": [
                "MIT"
            ],
            "authors": [
                {
                    "name": "Fabien Potencier",
                    "email": "fabien@symfony.com"
                },
                {
                    "name": "Jean-François Simon",
                    "email": "jeanfrancois.simon@sensiolabs.com"
                },
                {
                    "name": "Symfony Community",
                    "homepage": "https://symfony.com/contributors"
                }
            ],
            "description": "Converts CSS selectors to XPath expressions",
            "homepage": "https://symfony.com",
            "funding": [
                {
                    "url": "https://symfony.com/sponsor",
                    "type": "custom"
                },
                {
                    "url": "https://github.com/fabpot",
                    "type": "github"
                },
                {
                    "url": "https://tidelift.com/funding/github/packagist/symfony/symfony",
                    "type": "tidelift"
                }
            ],
            "time": "2021-05-16T13:07:46+00:00"
        },
        {
            "name": "woocommerce/action-scheduler",
            "version": "3.1.6",
            "source": {
                "type": "git",
                "url": "https://github.com/woocommerce/action-scheduler.git",
                "reference": "275d0ba54b1c263dfc62688de2fa9a25a373edf8"
            },
            "dist": {
                "type": "zip",
                "url": "https://api.github.com/repos/woocommerce/action-scheduler/zipball/275d0ba54b1c263dfc62688de2fa9a25a373edf8",
                "reference": "275d0ba54b1c263dfc62688de2fa9a25a373edf8",
                "shasum": ""
            },
            "require-dev": {
                "phpunit/phpunit": "^5.6",
                "woocommerce/woocommerce-sniffs": "0.0.8",
                "wp-cli/wp-cli": "~1.5.1"
            },
            "type": "wordpress-plugin",
            "extra": {
                "scripts-description": {
                    "test": "Run unit tests",
                    "phpcs": "Analyze code against the WordPress coding standards with PHP_CodeSniffer",
                    "phpcbf": "Fix coding standards warnings/errors automatically with PHP Code Beautifier"
                }
            },
            "notification-url": "https://packagist.org/downloads/",
            "license": [
                "GPL-3.0-or-later"
            ],
            "description": "Action Scheduler for WordPress and WooCommerce",
            "homepage": "https://actionscheduler.org/",
            "time": "2020-05-12T16:22:33+00:00"
        },
        {
            "name": "woocommerce/woocommerce",
            "version": "5.3.0",
            "source": {
                "type": "git",
                "url": "https://github.com/woocommerce/woocommerce.git",
                "reference": "5d2e89d727723993546593f96c0440936e50e6dc"
            },
            "dist": {
                "type": "zip",
                "url": "https://api.github.com/repos/woocommerce/woocommerce/zipball/5d2e89d727723993546593f96c0440936e50e6dc",
                "reference": "5d2e89d727723993546593f96c0440936e50e6dc",
                "shasum": ""
            },
            "require": {
                "automattic/jetpack-autoloader": "2.10.1",
                "automattic/jetpack-constants": "1.5.1",
                "composer/installers": "~1.7",
                "maxmind-db/reader": "1.6.0",
                "pelago/emogrifier": "3.1.0",
                "php": ">=7.0",
                "psr/container": "1.0.0",
                "woocommerce/action-scheduler": "3.1.6",
                "woocommerce/woocommerce-admin": "2.2.6",
                "woocommerce/woocommerce-blocks": "4.9.1"
            },
            "require-dev": {
                "bamarni/composer-bin-plugin": "^1.4"
            },
            "type": "wordpress-plugin",
            "extra": {
                "installer-paths": {
                    "packages/{$name}": [
                        "woocommerce/action-scheduler",
                        "woocommerce/woocommerce-blocks",
                        "woocommerce/woocommerce-admin"
                    ]
                },
                "scripts-description": {
                    "test": "Run unit tests",
                    "phpcs": "Analyze code against the WordPress coding standards with PHP_CodeSniffer",
                    "phpcbf": "Fix coding standards warnings/errors automatically with PHP Code Beautifier",
                    "makepot-audit": "Generate i18n/languages/woocommerce.pot file and run audit",
                    "makepot": "Generate i18n/languages/woocommerce.pot file"
                },
                "bamarni-bin": {
                    "target-directory": "bin/composer"
                }
            },
            "autoload": {
                "exclude-from-classmap": [
                    "includes/legacy",
                    "includes/libraries"
                ],
                "classmap": [
                    "includes/rest-api"
                ],
                "psr-4": {
                    "Automattic\\WooCommerce\\": "src/",
                    "Automattic\\WooCommerce\\Vendor\\": "lib/packages/"
                },
                "psr-0": {
                    "Automattic\\WooCommerce\\Vendor\\": "lib/packages/"
                }
            },
            "notification-url": "https://packagist.org/downloads/",
            "license": [
                "GPL-3.0-or-later"
            ],
            "description": "An eCommerce toolkit that helps you sell anything. Beautifully.",
            "homepage": "https://woocommerce.com/",
            "time": "2021-05-07T22:45:12+00:00"
        },
        {
            "name": "woocommerce/woocommerce-admin",
            "version": "2.2.6",
            "source": {
                "type": "git",
                "url": "https://github.com/woocommerce/woocommerce-admin.git",
                "reference": "65c5a4d0b0c3a7c7457e250c9ba1f7c15cac6cb8"
            },
            "dist": {
                "type": "zip",
                "url": "https://api.github.com/repos/woocommerce/woocommerce-admin/zipball/65c5a4d0b0c3a7c7457e250c9ba1f7c15cac6cb8",
                "reference": "65c5a4d0b0c3a7c7457e250c9ba1f7c15cac6cb8",
                "shasum": ""
            },
            "require": {
                "automattic/jetpack-autoloader": "^2.9.1",
                "composer/installers": "^1.9.0",
                "php": ">=7.0"
            },
            "require-dev": {
                "phpunit/phpunit": "7.5.20",
                "suin/phpcs-psr4-sniff": "^2.2",
                "woocommerce/woocommerce-sniffs": "0.1.0"
            },
            "type": "wordpress-plugin",
            "extra": {
                "scripts-description": {
                    "test": "Run unit tests",
                    "phpcs": "Analyze code against the WordPress coding standards with PHP_CodeSniffer",
                    "phpcbf": "Fix coding standards warnings/errors automatically with PHP Code Beautifier"
                }
            },
            "autoload": {
                "psr-4": {
                    "Automattic\\WooCommerce\\Admin\\": "src/"
                }
            },
            "notification-url": "https://packagist.org/downloads/",
            "license": [
                "GPL-3.0-or-later"
            ],
            "description": "A modern, javascript-driven WooCommerce Admin experience.",
            "homepage": "https://github.com/woocommerce/woocommerce-admin",
            "time": "2021-05-07T21:29:02+00:00"
        },
        {
            "name": "woocommerce/woocommerce-blocks",
            "version": "v4.9.1",
            "source": {
                "type": "git",
                "url": "https://github.com/woocommerce/woocommerce-gutenberg-products-block.git",
                "reference": "62f32bfb45dfcb2ba3ca349a6ed0a8cf48ddefce"
            },
            "dist": {
                "type": "zip",
                "url": "https://api.github.com/repos/woocommerce/woocommerce-gutenberg-products-block/zipball/62f32bfb45dfcb2ba3ca349a6ed0a8cf48ddefce",
                "reference": "62f32bfb45dfcb2ba3ca349a6ed0a8cf48ddefce",
                "shasum": ""
            },
            "require": {
                "automattic/jetpack-autoloader": "^2.9.1",
                "composer/installers": "^1.7.0"
            },
            "require-dev": {
                "phpunit/phpunit": "6.5.14",
                "woocommerce/woocommerce-sniffs": "0.1.0"
            },
            "type": "wordpress-plugin",
            "extra": {
                "scripts-description": {
                    "phpcs": "Analyze code against the WordPress coding standards with PHP_CodeSniffer",
                    "phpcbf": "Fix coding standards warnings/errors automatically with PHP Code Beautifier"
                }
            },
            "autoload": {
                "psr-4": {
                    "Automattic\\WooCommerce\\Blocks\\": "src/"
                }
            },
            "notification-url": "https://packagist.org/downloads/",
            "license": [
                "GPL-3.0-or-later"
            ],
            "description": "WooCommerce blocks for the Gutenberg editor.",
            "homepage": "https://woocommerce.com/",
            "keywords": [
                "blocks",
                "gutenberg",
                "woocommerce"
            ],
            "time": "2021-04-13T16:11:16+00:00"
        }
    ],
    "packages-dev": [],
    "aliases": [],
    "minimum-stability": "stable",
    "stability-flags": [],
    "prefer-stable": false,
    "prefer-lowest": false,
    "platform": [],
    "platform-dev": [],
    "plugin-api-version": "1.1.0"
}
